// !$*UTF8*$!
{
	archiveVersion = 1;
	classes = {
	};
	objectVersion = 50;
	objects = {

/* Begin PBXBuildFile section */
		4CD7708F207CCDEF00E432CB /* AppDelegate.swift in Sources */ = {isa = PBXBuildFile; fileRef = 4CD7708E207CCDEF00E432CB /* AppDelegate.swift */; };
		4CD77091207CCDEF00E432CB /* ViewController.swift in Sources */ = {isa = PBXBuildFile; fileRef = 4CD77090207CCDEF00E432CB /* ViewController.swift */; };
		4CD77094207CCDEF00E432CB /* Main.storyboard in Resources */ = {isa = PBXBuildFile; fileRef = 4CD77092207CCDEF00E432CB /* Main.storyboard */; };
		4CD77096207CCDF000E432CB /* Assets.xcassets in Resources */ = {isa = PBXBuildFile; fileRef = 4CD77095207CCDF000E432CB /* Assets.xcassets */; };
		4CD77099207CCDF000E432CB /* LaunchScreen.storyboard in Resources */ = {isa = PBXBuildFile; fileRef = 4CD77097207CCDF000E432CB /* LaunchScreen.storyboard */; };
		4CD770A4207CCDF000E432CB /* googleBooksTests.swift in Sources */ = {isa = PBXBuildFile; fileRef = 4CD770A3207CCDF000E432CB /* googleBooksTests.swift */; };
		4CD770AF207CCDF000E432CB /* googleBooksUITests.swift in Sources */ = {isa = PBXBuildFile; fileRef = 4CD770AE207CCDF000E432CB /* googleBooksUITests.swift */; };
/* End PBXBuildFile section */

/* Begin PBXContainerItemProxy section */
		4CD770A0207CCDF000E432CB /* PBXContainerItemProxy */ = {
			isa = PBXContainerItemProxy;
			containerPortal = 4CD77083207CCDEE00E432CB /* Project object */;
			proxyType = 1;
			remoteGlobalIDString = 4CD7708A207CCDEE00E432CB;
			remoteInfo = googleBooks;
		};
		4CD770AB207CCDF000E432CB /* PBXContainerItemProxy */ = {
			isa = PBXContainerItemProxy;
			containerPortal = 4CD77083207CCDEE00E432CB /* Project object */;
			proxyType = 1;
			remoteGlobalIDString = 4CD7708A207CCDEE00E432CB;
			remoteInfo = googleBooks;
		};
/* End PBXContainerItemProxy section */

/* Begin PBXFileReference section */
		4CD7708B207CCDEE00E432CB /* googleBooks.app */ = {isa = PBXFileReference; explicitFileType = wrapper.application; includeInIndex = 0; path = googleBooks.app; sourceTree = BUILT_PRODUCTS_DIR; };
		4CD7708E207CCDEF00E432CB /* AppDelegate.swift */ = {isa = PBXFileReference; lastKnownFileType = sourcecode.swift; path = AppDelegate.swift; sourceTree = "<group>"; };
		4CD77090207CCDEF00E432CB /* ViewController.swift */ = {isa = PBXFileReference; lastKnownFileType = sourcecode.swift; path = ViewController.swift; sourceTree = "<group>"; };
		4CD77093207CCDEF00E432CB /* Base */ = {isa = PBXFileReference; lastKnownFileType = file.storyboard; name = Base; path = Base.lproj/Main.storyboard; sourceTree = "<group>"; };
		4CD77095207CCDF000E432CB /* Assets.xcassets */ = {isa = PBXFileReference; lastKnownFileType = folder.assetcatalog; path = Assets.xcassets; sourceTree = "<group>"; };
		4CD77098207CCDF000E432CB /* Base */ = {isa = PBXFileReference; lastKnownFileType = file.storyboard; name = Base; path = Base.lproj/LaunchScreen.storyboard; sourceTree = "<group>"; };
		4CD7709A207CCDF000E432CB /* Info.plist */ = {isa = PBXFileReference; lastKnownFileType = text.plist.xml; path = Info.plist; sourceTree = "<group>"; };
		4CD7709F207CCDF000E432CB /* googleBooksTests.xctest */ = {isa = PBXFileReference; explicitFileType = wrapper.cfbundle; includeInIndex = 0; path = googleBooksTests.xctest; sourceTree = BUILT_PRODUCTS_DIR; };
		4CD770A3207CCDF000E432CB /* googleBooksTests.swift */ = {isa = PBXFileReference; lastKnownFileType = sourcecode.swift; path = googleBooksTests.swift; sourceTree = "<group>"; };
		4CD770A5207CCDF000E432CB /* Info.plist */ = {isa = PBXFileReference; lastKnownFileType = text.plist.xml; path = Info.plist; sourceTree = "<group>"; };
		4CD770AA207CCDF000E432CB /* googleBooksUITests.xctest */ = {isa = PBXFileReference; explicitFileType = wrapper.cfbundle; includeInIndex = 0; path = googleBooksUITests.xctest; sourceTree = BUILT_PRODUCTS_DIR; };
		4CD770AE207CCDF000E432CB /* googleBooksUITests.swift */ = {isa = PBXFileReference; lastKnownFileType = sourcecode.swift; path = googleBooksUITests.swift; sourceTree = "<group>"; };
		4CD770B0207CCDF000E432CB /* Info.plist */ = {isa = PBXFileReference; lastKnownFileType = text.plist.xml; path = Info.plist; sourceTree = "<group>"; };
/* End PBXFileReference section */

/* Begin PBXFrameworksBuildPhase section */
		4CD77088207CCDEE00E432CB /* Frameworks */ = {
			isa = PBXFrameworksBuildPhase;
			buildActionMask = 2147483647;
			files = (
			);
			runOnlyForDeploymentPostprocessing = 0;
		};
		4CD7709C207CCDF000E432CB /* Frameworks */ = {
			isa = PBXFrameworksBuildPhase;
			buildActionMask = 2147483647;
			files = (
			);
			runOnlyForDeploymentPostprocessing = 0;
		};
		4CD770A7207CCDF000E432CB /* Frameworks */ = {
			isa = PBXFrameworksBuildPhase;
			buildActionMask = 2147483647;
			files = (
			);
			runOnlyForDeploymentPostprocessing = 0;
		};
/* End PBXFrameworksBuildPhase section */

/* Begin PBXGroup section */
		4CD77082207CCDEE00E432CB = {
			isa = PBXGroup;
			children = (
				4CD7708D207CCDEE00E432CB /* googleBooks */,
				4CD770A2207CCDF000E432CB /* googleBooksTests */,
				4CD770AD207CCDF000E432CB /* googleBooksUITests */,
				4CD7708C207CCDEE00E432CB /* Products */,
			);
			sourceTree = "<group>";
		};
		4CD7708C207CCDEE00E432CB /* Products */ = {
			isa = PBXGroup;
			children = (
				4CD7708B207CCDEE00E432CB /* googleBooks.app */,
				4CD7709F207CCDF000E432CB /* googleBooksTests.xctest */,
				4CD770AA207CCDF000E432CB /* googleBooksUITests.xctest */,
			);
			name = Products;
			sourceTree = "<group>";
		};
		4CD7708D207CCDEE00E432CB /* googleBooks */ = {
			isa = PBXGroup;
			children = (
				4CD7708E207CCDEF00E432CB /* AppDelegate.swift */,
				4CD77090207CCDEF00E432CB /* ViewController.swift */,
				4CD77092207CCDEF00E432CB /* Main.storyboard */,
				4CD77095207CCDF000E432CB /* Assets.xcassets */,
				4CD77097207CCDF000E432CB /* LaunchScreen.storyboard */,
				4CD7709A207CCDF000E432CB /* Info.plist */,
			);
			path = googleBooks;
			sourceTree = "<group>";
		};
		4CD770A2207CCDF000E432CB /* googleBooksTests */ = {
			isa = PBXGroup;
			children = (
				4CD770A3207CCDF000E432CB /* googleBooksTests.swift */,
				4CD770A5207CCDF000E432CB /* Info.plist */,
			);
			path = googleBooksTests;
			sourceTree = "<group>";
		};
		4CD770AD207CCDF000E432CB /* googleBooksUITests */ = {
			isa = PBXGroup;
			children = (
				4CD770AE207CCDF000E432CB /* googleBooksUITests.swift */,
				4CD770B0207CCDF000E432CB /* Info.plist */,
			);
			path = googleBooksUITests;
			sourceTree = "<group>";
		};
/* End PBXGroup section */

/* Begin PBXNativeTarget section */
		4CD7708A207CCDEE00E432CB /* googleBooks */ = {
			isa = PBXNativeTarget;
			buildConfigurationList = 4CD770B3207CCDF000E432CB /* Build configuration list for PBXNativeTarget "googleBooks" */;
			buildPhases = (
				4CD77087207CCDEE00E432CB /* Sources */,
				4CD77088207CCDEE00E432CB /* Frameworks */,
				4CD77089207CCDEE00E432CB /* Resources */,
			);
			buildRules = (
			);
			dependencies = (
			);
			name = googleBooks;
			productName = googleBooks;
			productReference = 4CD7708B207CCDEE00E432CB /* googleBooks.app */;
			productType = "com.apple.product-type.application";
		};
		4CD7709E207CCDF000E432CB /* googleBooksTests */ = {
			isa = PBXNativeTarget;
			buildConfigurationList = 4CD770B6207CCDF000E432CB /* Build configuration list for PBXNativeTarget "googleBooksTests" */;
			buildPhases = (
				4CD7709B207CCDF000E432CB /* Sources */,
				4CD7709C207CCDF000E432CB /* Frameworks */,
				4CD7709D207CCDF000E432CB /* Resources */,
			);
			buildRules = (
			);
			dependencies = (
				4CD770A1207CCDF000E432CB /* PBXTargetDependency */,
			);
			name = googleBooksTests;
			productName = googleBooksTests;
			productReference = 4CD7709F207CCDF000E432CB /* googleBooksTests.xctest */;
			productType = "com.apple.product-type.bundle.unit-test";
		};
		4CD770A9207CCDF000E432CB /* googleBooksUITests */ = {
			isa = PBXNativeTarget;
			buildConfigurationList = 4CD770B9207CCDF000E432CB /* Build configuration list for PBXNativeTarget "googleBooksUITests" */;
			buildPhases = (
				4CD770A6207CCDF000E432CB /* Sources */,
				4CD770A7207CCDF000E432CB /* Frameworks */,
				4CD770A8207CCDF000E432CB /* Resources */,
			);
			buildRules = (
			);
			dependencies = (
				4CD770AC207CCDF000E432CB /* PBXTargetDependency */,
			);
			name = googleBooksUITests;
			productName = googleBooksUITests;
			productReference = 4CD770AA207CCDF000E432CB /* googleBooksUITests.xctest */;
			productType = "com.apple.product-type.bundle.ui-testing";
		};
/* End PBXNativeTarget section */

/* Begin PBXProject section */
		4CD77083207CCDEE00E432CB /* Project object */ = {
			isa = PBXProject;
			attributes = {
				LastSwiftUpdateCheck = 0930;
				LastUpgradeCheck = 0930;
				ORGANIZATIONNAME = "Maria Ortega";
				TargetAttributes = {
					4CD7708A207CCDEE00E432CB = {
						CreatedOnToolsVersion = 9.3;
					};
					4CD7709E207CCDF000E432CB = {
						CreatedOnToolsVersion = 9.3;
						TestTargetID = 4CD7708A207CCDEE00E432CB;
					};
					4CD770A9207CCDF000E432CB = {
						CreatedOnToolsVersion = 9.3;
						TestTargetID = 4CD7708A207CCDEE00E432CB;
					};
				};
			};
			buildConfigurationList = 4CD77086207CCDEE00E432CB /* Build configuration list for PBXProject "googleBooks" */;
			compatibilityVersion = "Xcode 9.3";
			developmentRegion = en;
			hasScannedForEncodings = 0;
			knownRegions = (
				en,
				Base,
			);
			mainGroup = 4CD77082207CCDEE00E432CB;
			productRefGroup = 4CD7708C207CCDEE00E432CB /* Products */;
			projectDirPath = "";
			projectRoot = "";
			targets = (
				4CD7708A207CCDEE00E432CB /* googleBooks */,
				4CD7709E207CCDF000E432CB /* googleBooksTests */,
				4CD770A9207CCDF000E432CB /* googleBooksUITests */,
			);
		};
/* End PBXProject section */

/* Begin PBXResourcesBuildPhase section */
		4CD77089207CCDEE00E432CB /* Resources */ = {
			isa = PBXResourcesBuildPhase;
			buildActionMask = 2147483647;
			files = (
				4CD77099207CCDF000E432CB /* LaunchScreen.storyboard in Resources */,
				4CD77096207CCDF000E432CB /* Assets.xcassets in Resources */,
				4CD77094207CCDEF00E432CB /* Main.storyboard in Resources */,
			);
			runOnlyForDeploymentPostprocessing = 0;
		};
		4CD7709D207CCDF000E432CB /* Resources */ = {
			isa = PBXResourcesBuildPhase;
			buildActionMask = 2147483647;
			files = (
			);
			runOnlyForDeploymentPostprocessing = 0;
		};
		4CD770A8207CCDF000E432CB /* Resources */ = {
			isa = PBXResourcesBuildPhase;
			buildActionMask = 2147483647;
			files = (
			);
			runOnlyForDeploymentPostprocessing = 0;
		};
/* End PBXResourcesBuildPhase section */

/* Begin PBXSourcesBuildPhase section */
		4CD77087207CCDEE00E432CB /* Sources */ = {
			isa = PBXSourcesBuildPhase;
			buildActionMask = 2147483647;
			files = (
				4CD77091207CCDEF00E432CB /* ViewController.swift in Sources */,
				4CD7708F207CCDEF00E432CB /* AppDelegate.swift in Sources */,
			);
			runOnlyForDeploymentPostprocessing = 0;
		};
		4CD7709B207CCDF000E432CB /* Sources */ = {
			isa = PBXSourcesBuildPhase;
			buildActionMask = 2147483647;
			files = (
				4CD770A4207CCDF000E432CB /* googleBooksTests.swift in Sources */,
			);
			runOnlyForDeploymentPostprocessing = 0;
		};
		4CD770A6207CCDF000E432CB /* Sources */ = {
			isa = PBXSourcesBuildPhase;
			buildActionMask = 2147483647;
			files = (
				4CD770AF207CCDF000E432CB /* googleBooksUITests.swift in Sources */,
			);
			runOnlyForDeploymentPostprocessing = 0;
		};
/* End PBXSourcesBuildPhase section */

/* Begin PBXTargetDependency section */
		4CD770A1207CCDF000E432CB /* PBXTargetDependency */ = {
			isa = PBXTargetDependency;
			target = 4CD7708A207CCDEE00E432CB /* googleBooks */;
			targetProxy = 4CD770A0207CCDF000E432CB /* PBXContainerItemProxy */;
		};
		4CD770AC207CCDF000E432CB /* PBXTargetDependency */ = {
			isa = PBXTargetDependency;
			target = 4CD7708A207CCDEE00E432CB /* googleBooks */;
			targetProxy = 4CD770AB207CCDF000E432CB /* PBXContainerItemProxy */;
		};
/* End PBXTargetDependency section */

/* Begin PBXVariantGroup section */
		4CD77092207CCDEF00E432CB /* Main.storyboard */ = {
			isa = PBXVariantGroup;
			children = (
				4CD77093207CCDEF00E432CB /* Base */,
			);
			name = Main.storyboard;
			sourceTree = "<group>";
		};
		4CD77097207CCDF000E432CB /* LaunchScreen.storyboard */ = {
			isa = PBXVariantGroup;
			children = (
				4CD77098207CCDF000E432CB /* Base */,
			);
			name = LaunchScreen.storyboard;
			sourceTree = "<group>";
		};
/* End PBXVariantGroup section */

/* Begin XCBuildConfiguration section */
		4CD770B1207CCDF000E432CB /* Debug */ = {
			isa = XCBuildConfiguration;
			buildSettings = {
				ALWAYS_SEARCH_USER_PATHS = NO;
				CLANG_ANALYZER_NONNULL = YES;
				CLANG_ANALYZER_NUMBER_OBJECT_CONVERSION = YES_AGGRESSIVE;
				CLANG_CXX_LANGUAGE_STANDARD = "gnu++14";
				CLANG_CXX_LIBRARY = "libc++";
				CLANG_ENABLE_MODULES = YES;
				CLANG_ENABLE_OBJC_ARC = YES;
				CLANG_ENABLE_OBJC_WEAK = YES;
				CLANG_WARN_BLOCK_CAPTURE_AUTORELEASING = YES;
				CLANG_WARN_BOOL_CONVERSION = YES;
				CLANG_WARN_COMMA = YES;
				CLANG_WARN_CONSTANT_CONVERSION = YES;
				CLANG_WARN_DEPRECATED_OBJC_IMPLEMENTATIONS = YES;
				CLANG_WARN_DIRECT_OBJC_ISA_USAGE = YES_ERROR;
				CLANG_WARN_DOCUMENTATION_COMMENTS = YES;
				CLANG_WARN_EMPTY_BODY = YES;
				CLANG_WARN_ENUM_CONVERSION = YES;
				CLANG_WARN_INFINITE_RECURSION = YES;
				CLANG_WARN_INT_CONVERSION = YES;
				CLANG_WARN_NON_LITERAL_NULL_CONVERSION = YES;
				CLANG_WARN_OBJC_IMPLICIT_RETAIN_SELF = YES;
				CLANG_WARN_OBJC_LITERAL_CONVERSION = YES;
				CLANG_WARN_OBJC_ROOT_CLASS = YES_ERROR;
				CLANG_WARN_RANGE_LOOP_ANALYSIS = YES;
				CLANG_WARN_STRICT_PROTOTYPES = YES;
				CLANG_WARN_SUSPICIOUS_MOVE = YES;
				CLANG_WARN_UNGUARDED_AVAILABILITY = YES_AGGRESSIVE;
				CLANG_WARN_UNREACHABLE_CODE = YES;
				CLANG_WARN__DUPLICATE_METHOD_MATCH = YES;
				CODE_SIGN_IDENTITY = "iPhone Developer";
				COPY_PHASE_STRIP = NO;
				DEBUG_INFORMATION_FORMAT = dwarf;
				ENABLE_STRICT_OBJC_MSGSEND = YES;
				ENABLE_TESTABILITY = YES;
				GCC_C_LANGUAGE_STANDARD = gnu11;
				GCC_DYNAMIC_NO_PIC = NO;
				GCC_NO_COMMON_BLOCKS = YES;
				GCC_OPTIMIZATION_LEVEL = 0;
				GCC_PREPROCESSOR_DEFINITIONS = (
					"DEBUG=1",
					"$(inherited)",
				);
				GCC_WARN_64_TO_32_BIT_CONVERSION = YES;
				GCC_WARN_ABOUT_RETURN_TYPE = YES_ERROR;
				GCC_WARN_UNDECLARED_SELECTOR = YES;
				GCC_WARN_UNINITIALIZED_AUTOS = YES_AGGRESSIVE;
				GCC_WARN_UNUSED_FUNCTION = YES;
				GCC_WARN_UNUSED_VARIABLE = YES;
				IPHONEOS_DEPLOYMENT_TARGET = 11.3;
				MTL_ENABLE_DEBUG_INFO = YES;
				ONLY_ACTIVE_ARCH = YES;
				SDKROOT = iphoneos;
				SWIFT_ACTIVE_COMPILATION_CONDITIONS = DEBUG;
				SWIFT_OPTIMIZATION_LEVEL = "-Onone";
			};
			name = Debug;
		};
		4CD770B2207CCDF000E432CB /* Release */ = {
			isa = XCBuildConfiguration;
			buildSettings = {
				ALWAYS_SEARCH_USER_PATHS = NO;
				CLANG_ANALYZER_NONNULL = YES;
				CLANG_ANALYZER_NUMBER_OBJECT_CONVERSION = YES_AGGRESSIVE;
				CLANG_CXX_LANGUAGE_STANDARD = "gnu++14";
				CLANG_CXX_LIBRARY = "libc++";
				CLANG_ENABLE_MODULES = YES;
				CLANG_ENABLE_OBJC_ARC = YES;
				CLANG_ENABLE_OBJC_WEAK = YES;
				CLANG_WARN_BLOCK_CAPTURE_AUTORELEASING = YES;
				CLANG_WARN_BOOL_CONVERSION = YES;
				CLANG_WARN_COMMA = YES;
				CLANG_WARN_CONSTANT_CONVERSION = YES;
				CLANG_WARN_DEPRECATED_OBJC_IMPLEMENTATIONS = YES;
				CLANG_WARN_DIRECT_OBJC_ISA_USAGE = YES_ERROR;
				CLANG_WARN_DOCUMENTATION_COMMENTS = YES;
				CLANG_WARN_EMPTY_BODY = YES;
				CLANG_WARN_ENUM_CONVERSION = YES;
				CLANG_WARN_INFINITE_RECURSION = YES;
				CLANG_WARN_INT_CONVERSION = YES;
				CLANG_WARN_NON_LITERAL_NULL_CONVERSION = YES;
				CLANG_WARN_OBJC_IMPLICIT_RETAIN_SELF = YES;
				CLANG_WARN_OBJC_LITERAL_CONVERSION = YES;
				CLANG_WARN_OBJC_ROOT_CLASS = YES_ERROR;
				CLANG_WARN_RANGE_LOOP_ANALYSIS = YES;
				CLANG_WARN_STRICT_PROTOTYPES = YES;
				CLANG_WARN_SUSPICIOUS_MOVE = YES;
				CLANG_WARN_UNGUARDED_AVAILABILITY = YES_AGGRESSIVE;
				CLANG_WARN_UNREACHABLE_CODE = YES;
				CLANG_WARN__DUPLICATE_METHOD_MATCH = YES;
				CODE_SIGN_IDENTITY = "iPhone Developer";
				COPY_PHASE_STRIP = NO;
				DEBUG_INFORMATION_FORMAT = "dwarf-with-dsym";
				ENABLE_NS_ASSERTIONS = NO;
				ENABLE_STRICT_OBJC_MSGSEND = YES;
				GCC_C_LANGUAGE_STANDARD = gnu11;
				GCC_NO_COMMON_BLOCKS = YES;
				GCC_WARN_64_TO_32_BIT_CONVERSION = YES;
				GCC_WARN_ABOUT_RETURN_TYPE = YES_ERROR;
				GCC_WARN_UNDECLARED_SELECTOR = YES;
				GCC_WARN_UNINITIALIZED_AUTOS = YES_AGGRESSIVE;
				GCC_WARN_UNUSED_FUNCTION = YES;
				GCC_WARN_UNUSED_VARIABLE = YES;
				IPHONEOS_DEPLOYMENT_TARGET = 11.3;
				MTL_ENABLE_DEBUG_INFO = NO;
				SDKROOT = iphoneos;
				SWIFT_COMPILATION_MODE = wholemodule;
				SWIFT_OPTIMIZATION_LEVEL = "-O";
				VALIDATE_PRODUCT = YES;
			};
			name = Release;
		};
		4CD770B4207CCDF000E432CB /* Debug */ = {
			isa = XCBuildConfiguration;
			buildSettings = {
				ASSETCATALOG_COMPILER_APPICON_NAME = AppIcon;
				CODE_SIGN_STYLE = Automatic;
				DEVELOPMENT_TEAM = 4K6JDXN8TD;
				INFOPLIST_FILE = googleBooks/Info.plist;
				LD_RUNPATH_SEARCH_PATHS = (
					"$(inherited)",
					"@executable_path/Frameworks",
				);
				PRODUCT_BUNDLE_IDENTIFIER = kobinary.googleBooks;
				PRODUCT_NAME = "$(TARGET_NAME)";
				SWIFT_VERSION = 4.0;
				TARGETED_DEVICE_FAMILY = "1,2";
			};
			name = Debug;
		};
		4CD770B5207CCDF000E432CB /* Release */ = {
			isa = XCBuildConfiguration;
			buildSettings = {
				ASSETCATALOG_COMPILER_APPICON_NAME = AppIcon;
				CODE_SIGN_STYLE = Automatic;
				DEVELOPMENT_TEAM = 4K6JDXN8TD;
				INFOPLIST_FILE = googleBooks/Info.plist;
				LD_RUNPATH_SEARCH_PATHS = (
					"$(inherited)",
					"@executable_path/Frameworks",
				);
				PRODUCT_BUNDLE_IDENTIFIER = kobinary.googleBooks;
				PRODUCT_NAME = "$(TARGET_NAME)";
				SWIFT_VERSION = 4.0;
				TARGETED_DEVICE_FAMILY = "1,2";
			};
			name = Release;
		};
		4CD770B7207CCDF000E432CB /* Debug */ = {
			isa = XCBuildConfiguration;
			buildSettings = {
				ALWAYS_EMBED_SWIFT_STANDARD_LIBRARIES = YES;
				BUNDLE_LOADER = "$(TEST_HOST)";
				CODE_SIGN_STYLE = Automatic;
				DEVELOPMENT_TEAM = 4K6JDXN8TD;
				INFOPLIST_FILE = googleBooksTests/Info.plist;
				LD_RUNPATH_SEARCH_PATHS = (
					"$(inherited)",
					"@executable_path/Frameworks",
					"@loader_path/Frameworks",
				);
				PRODUCT_BUNDLE_IDENTIFIER = kobinary.googleBooksTests;
				PRODUCT_NAME = "$(TARGET_NAME)";
				SWIFT_VERSION = 4.0;
				TARGETED_DEVICE_FAMILY = "1,2";
				TEST_HOST = "$(BUILT_PRODUCTS_DIR)/googleBooks.app/googleBooks";
			};
			name = Debug;
		};
		4CD770B8207CCDF000E432CB /* Release */ = {
			isa = XCBuildConfiguration;
			buildSettings = {
				ALWAYS_EMBED_SWIFT_STANDARD_LIBRARIES = YES;
				BUNDLE_LOADER = "$(TEST_HOST)";
				CODE_SIGN_STYLE = Automatic;
				DEVELOPMENT_TEAM = 4K6JDXN8TD;
				INFOPLIST_FILE = googleBooksTests/Info.plist;
				LD_RUNPATH_SEARCH_PATHS = (
					"$(inherited)",
					"@executable_path/Frameworks",
					"@loader_path/Frameworks",
				);
				PRODUCT_BUNDLE_IDENTIFIER = kobinary.googleBooksTests;
				PRODUCT_NAME = "$(TARGET_NAME)";
				SWIFT_VERSION = 4.0;
				TARGETED_DEVICE_FAMILY = "1,2";
				TEST_HOST = "$(BUILT_PRODUCTS_DIR)/googleBooks.app/googleBooks";
			};
			name = Release;
		};
		4CD770BA207CCDF000E432CB /* Debug */ = {
			isa = XCBuildConfiguration;
			buildSettings = {
				ALWAYS_EMBED_SWIFT_STANDARD_LIBRARIES = YES;
				CODE_SIGN_STYLE = Automatic;
				DEVELOPMENT_TEAM = 4K6JDXN8TD;
				INFOPLIST_FILE = googleBooksUITests/Info.plist;
				LD_RUNPATH_SEARCH_PATHS = (
					"$(inherited)",
					"@executable_path/Frameworks",
					"@loader_path/Frameworks",
				);
				PRODUCT_BUNDLE_IDENTIFIER = kobinary.googleBooksUITests;
				PRODUCT_NAME = "$(TARGET_NAME)";
				SWIFT_VERSION = 4.0;
				TARGETED_DEVICE_FAMILY = "1,2";
				TEST_TARGET_NAME = googleBooks;
			};
			name = Debug;
		};
		4CD770BB207CCDF000E432CB /* Release */ = {
			isa = XCBuildConfiguration;
			buildSettings = {
				ALWAYS_EMBED_SWIFT_STANDARD_LIBRARIES = YES;
				CODE_SIGN_STYLE = Automatic;
				DEVELOPMENT_TEAM = 4K6JDXN8TD;
				INFOPLIST_FILE = googleBooksUITests/Info.plist;
				LD_RUNPATH_SEARCH_PATHS = (
					"$(inherited)",
					"@executable_path/Frameworks",
					"@loader_path/Frameworks",
				);
				PRODUCT_BUNDLE_IDENTIFIER = kobinary.googleBooksUITests;
				PRODUCT_NAME = "$(TARGET_NAME)";
				SWIFT_VERSION = 4.0;
				TARGETED_DEVICE_FAMILY = "1,2";
				TEST_TARGET_NAME = googleBooks;
			};
			name = Release;
		};
/* End XCBuildConfiguration section */

/* Begin XCConfigurationList section */
		4CD77086207CCDEE00E432CB /* Build configuration list for PBXProject "googleBooks" */ = {
			isa = XCConfigurationList;
			buildConfigurations = (
				4CD770B1207CCDF000E432CB /* Debug */,
				4CD770B2207CCDF000E432CB /* Release */,
			);
			defaultConfigurationIsVisible = 0;
			defaultConfigurationName = Release;
		};
		4CD770B3207CCDF000E432CB /* Build configuration list for PBXNativeTarget "googleBooks" */ = {
			isa = XCConfigurationList;
			buildConfigurations = (
				4CD770B4207CCDF000E432CB /* Debug */,
				4CD770B5207CCDF000E432CB /* Release */,
			);
			defaultConfigurationIsVisible = 0;
			defaultConfigurationName = Release;
		};
		4CD770B6207CCDF000E432CB /* Build configuration list for PBXNativeTarget "googleBooksTests" */ = {
			isa = XCConfigurationList;
			buildConfigurations = (
				4CD770B7207CCDF000E432CB /* Debug */,
				4CD770B8207CCDF000E432CB /* Release */,
			);
			defaultConfigurationIsVisible = 0;
			defaultConfigurationName = Release;
		};
		4CD770B9207CCDF000E432CB /* Build configuration list for PBXNativeTarget "googleBooksUITests" */ = {
			isa = XCConfigurationList;
			buildConfigurations = (
				4CD770BA207CCDF000E432CB /* Debug */,
				4CD770BB207CCDF000E432CB /* Release */,
			);
			defaultConfigurationIsVisible = 0;
			defaultConfigurationName = Release;
		};
/* End XCConfigurationList section */
	};
	rootObject = 4CD77083207CCDEE00E432CB /* Project object */;
}
